
Microsoft Visual Studio Solution File, Format Version 12.00
Project("{FAE04EC0-301F-11D3-BF4B-00C04F79EFBC}") = "DNP_Assignment_API", "DNP_Assignment_API\DNP_Assignment_API.csproj", "{9522116F-CC14-4813-B18B-AAB7C10AFD99}"
EndProject
Global
	GlobalSection(SolutionConfigurationPlatforms) = preSolution
		Debug|Any CPU = Debug|Any CPU
		Release|Any CPU = Release|Any CPU
	EndGlobalSection
	GlobalSection(ProjectConfigurationPlatforms) = postSolution
		{9522116F-CC14-4813-B18B-AAB7C10AFD99}.Debug|Any CPU.ActiveCfg = Debug|Any CPU
		{9522116F-CC14-4813-B18B-AAB7C10AFD99}.Debug|Any CPU.Build.0 = Debug|Any CPU
		{9522116F-CC14-4813-B18B-AAB7C10AFD99}.Release|Any CPU.ActiveCfg = Release|Any CPU
		{9522116F-CC14-4813-B18B-AAB7C10AFD99}.Release|Any CPU.Build.0 = Release|Any CPU
	EndGlobalSection
EndGlobal
